
Microsoft Visual Studio Solution File, Format Version 12.00
# Visual Studio Version 17
VisualStudioVersion = 17.7.34018.315
MinimumVisualStudioVersion = 10.0.40219.1
Project("{9A19103F-16F7-4668-BE54-9A1E7A4F7556}") = "RideBookingWebAPI", "RideBookingWebAPI\RideBookingWebAPI.csproj", "{2635A514-2701-4F58-BF7C-55FF9FEFF8ED}"
EndProject
Project("{2150E333-8FDC-42A3-9474-1A3956D46DE8}") = "RideBooking.Service", "RideBooking.Service", "{6D833E73-91D8-47BE-BFCE-9406D233EBF1}"
EndProject
Project("{2150E333-8FDC-42A3-9474-1A3956D46DE8}") = "RideBooking.Model", "RideBooking.Model", "{02B62C6A-9566-41E9-866F-249AD177C402}"
EndProject
Project("{9A19103F-16F7-4668-BE54-9A1E7A4F7556}") = "RideBooking.Model", "RideBooking.Dto\RideBooking.Model.csproj", "{C7110F59-E13E-4201-BA74-00082C60E7B9}"
EndProject
Project("{2150E333-8FDC-42A3-9474-1A3956D46DE8}") = "RideBooking.Infrastructure", "RideBooking.Infrastructure", "{67E21740-0215-474A-963F-A7E8B1EC5A21}"
EndProject
Project("{FAE04EC0-301F-11D3-BF4B-00C04F79EFBC}") = "RideBooking.Infrastructure", "RideBooking.Infrastructure\RideBooking.Infrastructure.csproj", "{80F84969-4A6E-4374-864A-441BADCC6157}"
EndProject
Project("{FAE04EC0-301F-11D3-BF4B-00C04F79EFBC}") = "RideBooking.Service", "RideBooking.Service\RideBooking.Service.csproj", "{FA35CBE8-6681-485B-B313-4B2BA5FE1CC0}"
EndProject
Global
	GlobalSection(SolutionConfigurationPlatforms) = preSolution
		Debug|Any CPU = Debug|Any CPU
		Release|Any CPU = Release|Any CPU
	EndGlobalSection
	GlobalSection(ProjectConfigurationPlatforms) = postSolution
		{2635A514-2701-4F58-BF7C-55FF9FEFF8ED}.Debug|Any CPU.ActiveCfg = Debug|Any CPU
		{2635A514-2701-4F58-BF7C-55FF9FEFF8ED}.Debug|Any CPU.Build.0 = Debug|Any CPU
		{2635A514-2701-4F58-BF7C-55FF9FEFF8ED}.Release|Any CPU.ActiveCfg = Release|Any CPU
		{2635A514-2701-4F58-BF7C-55FF9FEFF8ED}.Release|Any CPU.Build.0 = Release|Any CPU
		{C7110F59-E13E-4201-BA74-00082C60E7B9}.Debug|Any CPU.ActiveCfg = Debug|Any CPU
		{C7110F59-E13E-4201-BA74-00082C60E7B9}.Debug|Any CPU.Build.0 = Debug|Any CPU
		{C7110F59-E13E-4201-BA74-00082C60E7B9}.Release|Any CPU.ActiveCfg = Release|Any CPU
		{C7110F59-E13E-4201-BA74-00082C60E7B9}.Release|Any CPU.Build.0 = Release|Any CPU
		{80F84969-4A6E-4374-864A-441BADCC6157}.Debug|Any CPU.ActiveCfg = Debug|Any CPU
		{80F84969-4A6E-4374-864A-441BADCC6157}.Debug|Any CPU.Build.0 = Debug|Any CPU
		{80F84969-4A6E-4374-864A-441BADCC6157}.Release|Any CPU.ActiveCfg = Release|Any CPU
		{80F84969-4A6E-4374-864A-441BADCC6157}.Release|Any CPU.Build.0 = Release|Any CPU
		{FA35CBE8-6681-485B-B313-4B2BA5FE1CC0}.Debug|Any CPU.ActiveCfg = Debug|Any CPU
		{FA35CBE8-6681-485B-B313-4B2BA5FE1CC0}.Debug|Any CPU.Build.0 = Debug|Any CPU
		{FA35CBE8-6681-485B-B313-4B2BA5FE1CC0}.Release|Any CPU.ActiveCfg = Release|Any CPU
		{FA35CBE8-6681-485B-B313-4B2BA5FE1CC0}.Release|Any CPU.Build.0 = Release|Any CPU
	EndGlobalSection
	GlobalSection(SolutionProperties) = preSolution
		HideSolutionNode = FALSE
	EndGlobalSection
	GlobalSection(NestedProjects) = preSolution
		{C7110F59-E13E-4201-BA74-00082C60E7B9} = {02B62C6A-9566-41E9-866F-249AD177C402}
		{80F84969-4A6E-4374-864A-441BADCC6157} = {67E21740-0215-474A-963F-A7E8B1EC5A21}
		{FA35CBE8-6681-485B-B313-4B2BA5FE1CC0} = {6D833E73-91D8-47BE-BFCE-9406D233EBF1}
	EndGlobalSection
	GlobalSection(ExtensibilityGlobals) = postSolution
		SolutionGuid = {864DF4E6-5B5D-4BED-B223-0D60C4668B9F}
	EndGlobalSection
EndGlobal
